
Microsoft Visual Studio Solution File, Format Version 12.00
# Visual Studio Version 16
VisualStudioVersion = 16.0.30804.86
MinimumVisualStudioVersion = 10.0.40219.1
Project("{FAE04EC0-301F-11D3-BF4B-00C04F79EFBC}") = "experiencias", "experiencias\experiencias.csproj", "{B6D830B2-1F0A-4E4E-8EC5-44E335DD9671}"
EndProject
Global
	GlobalSection(SolutionConfigurationPlatforms) = preSolution
		Debug|Any CPU = Debug|Any CPU
		Release|Any CPU = Release|Any CPU
	EndGlobalSection
	GlobalSection(ProjectConfigurationPlatforms) = postSolution
		{B6D830B2-1F0A-4E4E-8EC5-44E335DD9671}.Debug|Any CPU.ActiveCfg = Debug|Any CPU
		{B6D830B2-1F0A-4E4E-8EC5-44E335DD9671}.Debug|Any CPU.Build.0 = Debug|Any CPU
		{B6D830B2-1F0A-4E4E-8EC5-44E335DD9671}.Release|Any CPU.ActiveCfg = Release|Any CPU
		{B6D830B2-1F0A-4E4E-8EC5-44E335DD9671}.Release|Any CPU.Build.0 = Release|Any CPU
	EndGlobalSection
	GlobalSection(SolutionProperties) = preSolution
		HideSolutionNode = FALSE
	EndGlobalSection
	GlobalSection(ExtensibilityGlobals) = postSolution
		SolutionGuid = {43F6A3CB-C952-4AD3-A67E-725F60D9F144}
	EndGlobalSection
EndGlobal
