
Microsoft Visual Studio Solution File, Format Version 12.00
# Visual Studio Version 16
VisualStudioVersion = 16.0.30804.86
MinimumVisualStudioVersion = 10.0.40219.1
Project("{FAE04EC0-301F-11D3-BF4B-00C04F79EFBC}") = "circulo", "circulo\circulo.csproj", "{4E6C1747-0B19-4A1C-9580-B13132B90A3F}"
EndProject
Global
	GlobalSection(SolutionConfigurationPlatforms) = preSolution
		Debug|Any CPU = Debug|Any CPU
		Release|Any CPU = Release|Any CPU
	EndGlobalSection
	GlobalSection(ProjectConfigurationPlatforms) = postSolution
		{4E6C1747-0B19-4A1C-9580-B13132B90A3F}.Debug|Any CPU.ActiveCfg = Debug|Any CPU
		{4E6C1747-0B19-4A1C-9580-B13132B90A3F}.Debug|Any CPU.Build.0 = Debug|Any CPU
		{4E6C1747-0B19-4A1C-9580-B13132B90A3F}.Release|Any CPU.ActiveCfg = Release|Any CPU
		{4E6C1747-0B19-4A1C-9580-B13132B90A3F}.Release|Any CPU.Build.0 = Release|Any CPU
	EndGlobalSection
	GlobalSection(SolutionProperties) = preSolution
		HideSolutionNode = FALSE
	EndGlobalSection
	GlobalSection(ExtensibilityGlobals) = postSolution
		SolutionGuid = {29D88DC1-107F-40F5-BF35-15BA1278D8E9}
	EndGlobalSection
EndGlobal
