
Microsoft Visual Studio Solution File, Format Version 12.00
# Visual Studio Version 16
VisualStudioVersion = 16.0.30804.86
MinimumVisualStudioVersion = 10.0.40219.1
Project("{FAE04EC0-301F-11D3-BF4B-00C04F79EFBC}") = "medidas", "medidas\medidas.csproj", "{69003DDC-33FA-4136-85FD-E06F39AB621A}"
EndProject
Global
	GlobalSection(SolutionConfigurationPlatforms) = preSolution
		Debug|Any CPU = Debug|Any CPU
		Release|Any CPU = Release|Any CPU
	EndGlobalSection
	GlobalSection(ProjectConfigurationPlatforms) = postSolution
		{69003DDC-33FA-4136-85FD-E06F39AB621A}.Debug|Any CPU.ActiveCfg = Debug|Any CPU
		{69003DDC-33FA-4136-85FD-E06F39AB621A}.Debug|Any CPU.Build.0 = Debug|Any CPU
		{69003DDC-33FA-4136-85FD-E06F39AB621A}.Release|Any CPU.ActiveCfg = Release|Any CPU
		{69003DDC-33FA-4136-85FD-E06F39AB621A}.Release|Any CPU.Build.0 = Release|Any CPU
	EndGlobalSection
	GlobalSection(SolutionProperties) = preSolution
		HideSolutionNode = FALSE
	EndGlobalSection
	GlobalSection(ExtensibilityGlobals) = postSolution
		SolutionGuid = {21E7B04C-35C6-481B-920E-0480C21FAD01}
	EndGlobalSection
EndGlobal
