
Microsoft Visual Studio Solution File, Format Version 12.00
# Visual Studio Version 16
VisualStudioVersion = 16.0.30804.86
MinimumVisualStudioVersion = 10.0.40219.1
Project("{FAE04EC0-301F-11D3-BF4B-00C04F79EFBC}") = "consumo", "consumo\consumo.csproj", "{8D0A74AE-752D-48C0-8458-9AC75E73A08A}"
EndProject
Global
	GlobalSection(SolutionConfigurationPlatforms) = preSolution
		Debug|Any CPU = Debug|Any CPU
		Release|Any CPU = Release|Any CPU
	EndGlobalSection
	GlobalSection(ProjectConfigurationPlatforms) = postSolution
		{8D0A74AE-752D-48C0-8458-9AC75E73A08A}.Debug|Any CPU.ActiveCfg = Debug|Any CPU
		{8D0A74AE-752D-48C0-8458-9AC75E73A08A}.Debug|Any CPU.Build.0 = Debug|Any CPU
		{8D0A74AE-752D-48C0-8458-9AC75E73A08A}.Release|Any CPU.ActiveCfg = Release|Any CPU
		{8D0A74AE-752D-48C0-8458-9AC75E73A08A}.Release|Any CPU.Build.0 = Release|Any CPU
	EndGlobalSection
	GlobalSection(SolutionProperties) = preSolution
		HideSolutionNode = FALSE
	EndGlobalSection
	GlobalSection(ExtensibilityGlobals) = postSolution
		SolutionGuid = {58CC5EAC-D9B2-4768-B38B-4EF9225D8899}
	EndGlobalSection
EndGlobal
