
Microsoft Visual Studio Solution File, Format Version 12.00
# Visual Studio Version 16
VisualStudioVersion = 16.0.30804.86
MinimumVisualStudioVersion = 10.0.40219.1
Project("{FAE04EC0-301F-11D3-BF4B-00C04F79EFBC}") = "dardo", "dardo\dardo.csproj", "{0A7E9D25-653F-46FF-94E9-64070C7F5D3D}"
EndProject
Global
	GlobalSection(SolutionConfigurationPlatforms) = preSolution
		Debug|Any CPU = Debug|Any CPU
		Release|Any CPU = Release|Any CPU
	EndGlobalSection
	GlobalSection(ProjectConfigurationPlatforms) = postSolution
		{0A7E9D25-653F-46FF-94E9-64070C7F5D3D}.Debug|Any CPU.ActiveCfg = Debug|Any CPU
		{0A7E9D25-653F-46FF-94E9-64070C7F5D3D}.Debug|Any CPU.Build.0 = Debug|Any CPU
		{0A7E9D25-653F-46FF-94E9-64070C7F5D3D}.Release|Any CPU.ActiveCfg = Release|Any CPU
		{0A7E9D25-653F-46FF-94E9-64070C7F5D3D}.Release|Any CPU.Build.0 = Release|Any CPU
	EndGlobalSection
	GlobalSection(SolutionProperties) = preSolution
		HideSolutionNode = FALSE
	EndGlobalSection
	GlobalSection(ExtensibilityGlobals) = postSolution
		SolutionGuid = {C1E58002-F256-4D64-9CF3-D0DBE4292FBD}
	EndGlobalSection
EndGlobal
