
Microsoft Visual Studio Solution File, Format Version 12.00
# Visual Studio Version 16
VisualStudioVersion = 16.0.30804.86
MinimumVisualStudioVersion = 10.0.40219.1
Project("{FAE04EC0-301F-11D3-BF4B-00C04F79EFBC}") = "dentro_fora", "dentro_fora\dentro_fora.csproj", "{877F8897-692F-4EA7-9541-B419568F370E}"
EndProject
Global
	GlobalSection(SolutionConfigurationPlatforms) = preSolution
		Debug|Any CPU = Debug|Any CPU
		Release|Any CPU = Release|Any CPU
	EndGlobalSection
	GlobalSection(ProjectConfigurationPlatforms) = postSolution
		{877F8897-692F-4EA7-9541-B419568F370E}.Debug|Any CPU.ActiveCfg = Debug|Any CPU
		{877F8897-692F-4EA7-9541-B419568F370E}.Debug|Any CPU.Build.0 = Debug|Any CPU
		{877F8897-692F-4EA7-9541-B419568F370E}.Release|Any CPU.ActiveCfg = Release|Any CPU
		{877F8897-692F-4EA7-9541-B419568F370E}.Release|Any CPU.Build.0 = Release|Any CPU
	EndGlobalSection
	GlobalSection(SolutionProperties) = preSolution
		HideSolutionNode = FALSE
	EndGlobalSection
	GlobalSection(ExtensibilityGlobals) = postSolution
		SolutionGuid = {6BA8C292-3107-4B7E-8A89-C89D56745A3C}
	EndGlobalSection
EndGlobal
